
Microsoft Visual Studio Solution File, Format Version 12.00
# Visual Studio Version 16
VisualStudioVersion = 16.0.29519.181
MinimumVisualStudioVersion = 10.0.40219.1
Project("{FAE04EC0-301F-11D3-BF4B-00C04F79EFBC}") = "RecordValidator", "RecordValidator\RecordValidator.csproj", "{18F2A636-85B0-4F8F-BE56-079C4E724C09}"
EndProject
Global
	GlobalSection(SolutionConfigurationPlatforms) = preSolution
		Debug|Any CPU = Debug|Any CPU
		Release|Any CPU = Release|Any CPU
	EndGlobalSection
	GlobalSection(ProjectConfigurationPlatforms) = postSolution
		{18F2A636-85B0-4F8F-BE56-079C4E724C09}.Debug|Any CPU.ActiveCfg = Debug|Any CPU
		{18F2A636-85B0-4F8F-BE56-079C4E724C09}.Debug|Any CPU.Build.0 = Debug|Any CPU
		{18F2A636-85B0-4F8F-BE56-079C4E724C09}.Release|Any CPU.ActiveCfg = Release|Any CPU
		{18F2A636-85B0-4F8F-BE56-079C4E724C09}.Release|Any CPU.Build.0 = Release|Any CPU
	EndGlobalSection
	GlobalSection(SolutionProperties) = preSolution
		HideSolutionNode = FALSE
	EndGlobalSection
	GlobalSection(ExtensibilityGlobals) = postSolution
		SolutionGuid = {ACF29B9A-3903-41A9-9EE7-8C100710E41B}
	EndGlobalSection
EndGlobal
